
Microsoft Visual Studio Solution File, Format Version 12.00
# Visual Studio Version 17
VisualStudioVersion = 17.11.35327.3
MinimumVisualStudioVersion = 10.0.40219.1
Project("{9A19103F-16F7-4668-BE54-9A1E7A4F7556}") = "CssFilters", "CssFilters\CssFilters.csproj", "{645FCDF0-972F-45C6-AA06-01AB4A311239}"
EndProject
Project("{9A19103F-16F7-4668-BE54-9A1E7A4F7556}") = "TestPlugin", "TestPlugin\TestPlugin.csproj", "{E7DD9E74-DD32-4470-A761-B10393A72E0A}"
EndProject
Project("{9A19103F-16F7-4668-BE54-9A1E7A4F7556}") = "CssFilters.GroupManager", "CssFilters.GroupManager\CssFilters.GroupManager.csproj", "{1ED1BC15-0307-4B4E-A267-08A846F5022E}"
EndProject
Project("{9A19103F-16F7-4668-BE54-9A1E7A4F7556}") = "CssFilters.CommandManager", "CssFilters.CommandManager\CssFilters.CommandManager.csproj", "{C794D0FE-65F5-41AB-BFD8-97ADF5F0121D}"
EndProject
Global
	GlobalSection(SolutionConfigurationPlatforms) = preSolution
		Debug|Any CPU = Debug|Any CPU
		Release|Any CPU = Release|Any CPU
	EndGlobalSection
	GlobalSection(ProjectConfigurationPlatforms) = postSolution
		{645FCDF0-972F-45C6-AA06-01AB4A311239}.Debug|Any CPU.ActiveCfg = Debug|Any CPU
		{645FCDF0-972F-45C6-AA06-01AB4A311239}.Debug|Any CPU.Build.0 = Debug|Any CPU
		{645FCDF0-972F-45C6-AA06-01AB4A311239}.Release|Any CPU.ActiveCfg = Release|Any CPU
		{645FCDF0-972F-45C6-AA06-01AB4A311239}.Release|Any CPU.Build.0 = Release|Any CPU
		{E7DD9E74-DD32-4470-A761-B10393A72E0A}.Debug|Any CPU.ActiveCfg = Debug|Any CPU
		{E7DD9E74-DD32-4470-A761-B10393A72E0A}.Debug|Any CPU.Build.0 = Debug|Any CPU
		{E7DD9E74-DD32-4470-A761-B10393A72E0A}.Release|Any CPU.ActiveCfg = Release|Any CPU
		{E7DD9E74-DD32-4470-A761-B10393A72E0A}.Release|Any CPU.Build.0 = Release|Any CPU
		{1ED1BC15-0307-4B4E-A267-08A846F5022E}.Debug|Any CPU.ActiveCfg = Debug|Any CPU
		{1ED1BC15-0307-4B4E-A267-08A846F5022E}.Debug|Any CPU.Build.0 = Debug|Any CPU
		{1ED1BC15-0307-4B4E-A267-08A846F5022E}.Release|Any CPU.ActiveCfg = Release|Any CPU
		{1ED1BC15-0307-4B4E-A267-08A846F5022E}.Release|Any CPU.Build.0 = Release|Any CPU
		{C794D0FE-65F5-41AB-BFD8-97ADF5F0121D}.Debug|Any CPU.ActiveCfg = Debug|Any CPU
		{C794D0FE-65F5-41AB-BFD8-97ADF5F0121D}.Debug|Any CPU.Build.0 = Debug|Any CPU
		{C794D0FE-65F5-41AB-BFD8-97ADF5F0121D}.Release|Any CPU.ActiveCfg = Release|Any CPU
		{C794D0FE-65F5-41AB-BFD8-97ADF5F0121D}.Release|Any CPU.Build.0 = Release|Any CPU
	EndGlobalSection
	GlobalSection(SolutionProperties) = preSolution
		HideSolutionNode = FALSE
	EndGlobalSection
	GlobalSection(ExtensibilityGlobals) = postSolution
		SolutionGuid = {5836E6D8-E9C7-4467-8CAE-2845224EF8C5}
	EndGlobalSection
EndGlobal
